
Microsoft Visual Studio Solution File, Format Version 12.00
# Visual Studio Version 17
VisualStudioVersion = 17.0.31611.283
MinimumVisualStudioVersion = 10.0.40219.1
Project("{9A19103F-16F7-4668-BE54-9A1E7A4F7556}") = "TP_Guillon", "TP_Guillon.csproj", "{9F2F4DED-355E-4979-9A88-FCD5A78027B1}"
EndProject
Project("{2150E333-8FDC-42A3-9474-1A3956D46DE8}") = "Solution Items", "Solution Items", "{185085DD-37E7-4FF1-84B4-C4B99B6494D4}"
	ProjectSection(SolutionItems) = preProject
		Directory.Packages.props = Directory.Packages.props
	EndProjectSection
EndProject
Project("{9A19103F-16F7-4668-BE54-9A1E7A4F7556}") = "TP_Guillon.Context", "..\TP_Guillon.Context\TP_Guillon.Context.csproj", "{3CC0200C-082F-4039-9DAA-F6DA65B22AF1}"
EndProject
Global
	GlobalSection(SolutionConfigurationPlatforms) = preSolution
		Debug|Any CPU = Debug|Any CPU
		Release|Any CPU = Release|Any CPU
	EndGlobalSection
	GlobalSection(ProjectConfigurationPlatforms) = postSolution
		{9F2F4DED-355E-4979-9A88-FCD5A78027B1}.Debug|Any CPU.ActiveCfg = Debug|Any CPU
		{9F2F4DED-355E-4979-9A88-FCD5A78027B1}.Debug|Any CPU.Build.0 = Debug|Any CPU
		{9F2F4DED-355E-4979-9A88-FCD5A78027B1}.Debug|Any CPU.Deploy.0 = Debug|Any CPU
		{9F2F4DED-355E-4979-9A88-FCD5A78027B1}.Release|Any CPU.ActiveCfg = Release|Any CPU
		{9F2F4DED-355E-4979-9A88-FCD5A78027B1}.Release|Any CPU.Build.0 = Release|Any CPU
		{9F2F4DED-355E-4979-9A88-FCD5A78027B1}.Release|Any CPU.Deploy.0 = Release|Any CPU
		{3CC0200C-082F-4039-9DAA-F6DA65B22AF1}.Debug|Any CPU.ActiveCfg = Debug|Any CPU
		{3CC0200C-082F-4039-9DAA-F6DA65B22AF1}.Debug|Any CPU.Build.0 = Debug|Any CPU
		{3CC0200C-082F-4039-9DAA-F6DA65B22AF1}.Release|Any CPU.ActiveCfg = Release|Any CPU
		{3CC0200C-082F-4039-9DAA-F6DA65B22AF1}.Release|Any CPU.Build.0 = Release|Any CPU
	EndGlobalSection
	GlobalSection(SolutionProperties) = preSolution
		HideSolutionNode = FALSE
	EndGlobalSection
	GlobalSection(ExtensibilityGlobals) = postSolution
		SolutionGuid = {83678807-761B-4A2A-8B4B-510D56A6AB39}
		        SolutionGuid = {391F9765-9EEA-4C67-A05B-10C9B94AFA2C}
	EndGlobalSection
EndGlobal
